# generated by rye
# use `rye lock` or `rye sync` to update this lockfile
#
# last locked with the following flags:
#   pre: false
#   features: []
#   all-features: false
#   with-sources: false
#   generate-hashes: false
#   universal: false

-e file:.
certifi==2024.8.30
    # via requests
charset-normalizer==3.3.2
    # via requests
contourpy==1.3.0
    # via matplotlib
cycler==0.12.1
    # via matplotlib
fonttools==4.53.1
    # via matplotlib
idna==3.8
    # via requests
kiwisolver==1.4.5
    # via matplotlib
matplotlib==3.9.2
    # via datetime-heatmap-notion
    # via matplotlib-fontja
    # via seaborn
matplotlib-fontja==1.0.0
    # via datetime-heatmap-notion
numpy==2.1.0
    # via contourpy
    # via matplotlib
    # via pandas
    # via seaborn
packaging==24.1
    # via matplotlib
pandas==2.2.2
    # via datetime-heatmap-notion
    # via seaborn
pillow==10.4.0
    # via matplotlib
pyparsing==3.1.4
    # via matplotlib
python-dateutil==2.9.0.post0
    # via matplotlib
    # via pandas
python-dotenv==1.0.1
    # via datetime-heatmap-notion
pytz==2024.1
    # via pandas
requests==2.32.3
    # via datetime-heatmap-notion
seaborn==0.13.2
    # via datetime-heatmap-notion
six==1.16.0
    # via python-dateutil
tzdata==2024.1
    # via pandas
urllib3==2.2.2
    # via requests
